// !$*UTF8*$!
{
	archiveVersion = 1;
	classes = {
	};
	objectVersion = 51;
	objects = {

/* Begin PBXBuildFile section */
		29BACE2AE5D3E0507CC82885 /* Pods_findPill.framework in Frameworks */ = {isa = PBXBuildFile; fileRef = 77451D8F3281E78923A10C35 /* Pods_findPill.framework */; };
		B24C599726446B14003C7A79 /* SelectedDrug.swift in Sources */ = {isa = PBXBuildFile; fileRef = B24C599626446B14003C7A79 /* SelectedDrug.swift */; };
		B25F92A2264D1B9700CBB6D7 /* ApiManager.swift in Sources */ = {isa = PBXBuildFile; fileRef = B25F92A1264D1B9700CBB6D7 /* ApiManager.swift */; };
		B25F92A5264D1D5700CBB6D7 /* DrugData.swift in Sources */ = {isa = PBXBuildFile; fileRef = B25F92A4264D1D5700CBB6D7 /* DrugData.swift */; };
		B266D0D1263EAF6E00B2360F /* UserDefaultsExtension.swift in Sources */ = {isa = PBXBuildFile; fileRef = B266D0D0263EAF6E00B2360F /* UserDefaultsExtension.swift */; };
		B266D0D5263EAFA000B2360F /* PillModel.swift in Sources */ = {isa = PBXBuildFile; fileRef = B266D0D4263EAFA000B2360F /* PillModel.swift */; };
		B266D0DA263EB11500B2360F /* LoadingScreen.swift in Sources */ = {isa = PBXBuildFile; fileRef = B266D0D9263EB11500B2360F /* LoadingScreen.swift */; };
		B266D0DE263EB29D00B2360F /* FavoritesViewController.swift in Sources */ = {isa = PBXBuildFile; fileRef = B266D0DD263EB29D00B2360F /* FavoritesViewController.swift */; };
		B266D0E1263EB2EB00B2360F /* Favorites.swift in Sources */ = {isa = PBXBuildFile; fileRef = B266D0E0263EB2EB00B2360F /* Favorites.swift */; };
		B266D0E5263EB52B00B2360F /* FavoritesTableViewCell.swift in Sources */ = {isa = PBXBuildFile; fileRef = B266D0E4263EB52B00B2360F /* FavoritesTableViewCell.swift */; };
		B266D0E8263EB6B500B2360F /* DrugDetailViewController.swift in Sources */ = {isa = PBXBuildFile; fileRef = B266D0E7263EB6B500B2360F /* DrugDetailViewController.swift */; };
		B266D0EC263F123D00B2360F /* AlertView.xib in Resources */ = {isa = PBXBuildFile; fileRef = B266D0EB263F123D00B2360F /* AlertView.xib */; };
		B266D0EF263F247E00B2360F /* AlertView.swift in Sources */ = {isa = PBXBuildFile; fileRef = B266D0EE263F247E00B2360F /* AlertView.swift */; };
		B28AA351264C5B5F00AA6151 /* giphy.gif in Resources */ = {isa = PBXBuildFile; fileRef = B28AA350264C5B5F00AA6151 /* giphy.gif */; };
		B29D5D96263DB72200441E8F /* AppDelegate.swift in Sources */ = {isa = PBXBuildFile; fileRef = B29D5D95263DB72200441E8F /* AppDelegate.swift */; };
		B29D5D98263DB72200441E8F /* SceneDelegate.swift in Sources */ = {isa = PBXBuildFile; fileRef = B29D5D97263DB72200441E8F /* SceneDelegate.swift */; };
		B29D5D9A263DB72200441E8F /* HomeViewController.swift in Sources */ = {isa = PBXBuildFile; fileRef = B29D5D99263DB72200441E8F /* HomeViewController.swift */; };
		B29D5D9D263DB72200441E8F /* Main.storyboard in Resources */ = {isa = PBXBuildFile; fileRef = B29D5D9B263DB72200441E8F /* Main.storyboard */; };
		B29D5D9F263DB72300441E8F /* Assets.xcassets in Resources */ = {isa = PBXBuildFile; fileRef = B29D5D9E263DB72300441E8F /* Assets.xcassets */; };
		B29D5DA2263DB72300441E8F /* LaunchScreen.storyboard in Resources */ = {isa = PBXBuildFile; fileRef = B29D5DA0263DB72300441E8F /* LaunchScreen.storyboard */; };
		B29D5DB2263DB7DA00441E8F /* TextRecognizerManager.swift in Sources */ = {isa = PBXBuildFile; fileRef = B29D5DB1263DB7DA00441E8F /* TextRecognizerManager.swift */; };
/* End PBXBuildFile section */

/* Begin PBXFileReference section */
		0EC46C6FD7ACFEDB6CBF4860 /* Pods-findPill.debug.xcconfig */ = {isa = PBXFileReference; includeInIndex = 1; lastKnownFileType = text.xcconfig; name = "Pods-findPill.debug.xcconfig"; path = "Target Support Files/Pods-findPill/Pods-findPill.debug.xcconfig"; sourceTree = "<group>"; };
		77451D8F3281E78923A10C35 /* Pods_findPill.framework */ = {isa = PBXFileReference; explicitFileType = wrapper.framework; includeInIndex = 0; path = Pods_findPill.framework; sourceTree = BUILT_PRODUCTS_DIR; };
		B24C599626446B14003C7A79 /* SelectedDrug.swift */ = {isa = PBXFileReference; lastKnownFileType = sourcecode.swift; path = SelectedDrug.swift; sourceTree = "<group>"; };
		B25F92A1264D1B9700CBB6D7 /* ApiManager.swift */ = {isa = PBXFileReference; lastKnownFileType = sourcecode.swift; path = ApiManager.swift; sourceTree = "<group>"; };
		B25F92A4264D1D5700CBB6D7 /* DrugData.swift */ = {isa = PBXFileReference; lastKnownFileType = sourcecode.swift; path = DrugData.swift; sourceTree = "<group>"; };
		B266D0D0263EAF6E00B2360F /* UserDefaultsExtension.swift */ = {isa = PBXFileReference; lastKnownFileType = sourcecode.swift; path = UserDefaultsExtension.swift; sourceTree = "<group>"; };
		B266D0D4263EAFA000B2360F /* PillModel.swift */ = {isa = PBXFileReference; lastKnownFileType = sourcecode.swift; path = PillModel.swift; sourceTree = "<group>"; };
		B266D0D9263EB11500B2360F /* LoadingScreen.swift */ = {isa = PBXFileReference; fileEncoding = 4; lastKnownFileType = sourcecode.swift; path = LoadingScreen.swift; sourceTree = "<group>"; };
		B266D0DD263EB29D00B2360F /* FavoritesViewController.swift */ = {isa = PBXFileReference; lastKnownFileType = sourcecode.swift; path = FavoritesViewController.swift; sourceTree = "<group>"; };
		B266D0E0263EB2EB00B2360F /* Favorites.swift */ = {isa = PBXFileReference; lastKnownFileType = sourcecode.swift; path = Favorites.swift; sourceTree = "<group>"; };
		B266D0E4263EB52B00B2360F /* FavoritesTableViewCell.swift */ = {isa = PBXFileReference; lastKnownFileType = sourcecode.swift; path = FavoritesTableViewCell.swift; sourceTree = "<group>"; };
		B266D0E7263EB6B500B2360F /* DrugDetailViewController.swift */ = {isa = PBXFileReference; lastKnownFileType = sourcecode.swift; path = DrugDetailViewController.swift; sourceTree = "<group>"; };
		B266D0EB263F123D00B2360F /* AlertView.xib */ = {isa = PBXFileReference; lastKnownFileType = file.xib; path = AlertView.xib; sourceTree = "<group>"; };
		B266D0EE263F247E00B2360F /* AlertView.swift */ = {isa = PBXFileReference; lastKnownFileType = sourcecode.swift; path = AlertView.swift; sourceTree = "<group>"; };
		B28AA350264C5B5F00AA6151 /* giphy.gif */ = {isa = PBXFileReference; lastKnownFileType = image.gif; path = giphy.gif; sourceTree = "<group>"; };
		B29D5D92263DB72200441E8F /* findPill.app */ = {isa = PBXFileReference; explicitFileType = wrapper.application; includeInIndex = 0; path = findPill.app; sourceTree = BUILT_PRODUCTS_DIR; };
		B29D5D95263DB72200441E8F /* AppDelegate.swift */ = {isa = PBXFileReference; lastKnownFileType = sourcecode.swift; path = AppDelegate.swift; sourceTree = "<group>"; };
		B29D5D97263DB72200441E8F /* SceneDelegate.swift */ = {isa = PBXFileReference; lastKnownFileType = sourcecode.swift; path = SceneDelegate.swift; sourceTree = "<group>"; };
		B29D5D99263DB72200441E8F /* HomeViewController.swift */ = {isa = PBXFileReference; lastKnownFileType = sourcecode.swift; path = HomeViewController.swift; sourceTree = "<group>"; };
		B29D5D9C263DB72200441E8F /* Base */ = {isa = PBXFileReference; lastKnownFileType = file.storyboard; name = Base; path = Base.lproj/Main.storyboard; sourceTree = "<group>"; };
		B29D5D9E263DB72300441E8F /* Assets.xcassets */ = {isa = PBXFileReference; lastKnownFileType = folder.assetcatalog; path = Assets.xcassets; sourceTree = "<group>"; };
		B29D5DA1263DB72300441E8F /* Base */ = {isa = PBXFileReference; lastKnownFileType = file.storyboard; name = Base; path = Base.lproj/LaunchScreen.storyboard; sourceTree = "<group>"; };
		B29D5DA3263DB72300441E8F /* Info.plist */ = {isa = PBXFileReference; lastKnownFileType = text.plist.xml; path = Info.plist; sourceTree = "<group>"; };
		B29D5DB1263DB7DA00441E8F /* TextRecognizerManager.swift */ = {isa = PBXFileReference; lastKnownFileType = sourcecode.swift; path = TextRecognizerManager.swift; sourceTree = "<group>"; };
		E44FF0CBAA4DF5D299E78681 /* Pods-findPill.release.xcconfig */ = {isa = PBXFileReference; includeInIndex = 1; lastKnownFileType = text.xcconfig; name = "Pods-findPill.release.xcconfig"; path = "Target Support Files/Pods-findPill/Pods-findPill.release.xcconfig"; sourceTree = "<group>"; };
/* End PBXFileReference section */

/* Begin PBXFrameworksBuildPhase section */
		B29D5D8F263DB72200441E8F /* Frameworks */ = {
			isa = PBXFrameworksBuildPhase;
			buildActionMask = 2147483647;
			files = (
				29BACE2AE5D3E0507CC82885 /* Pods_findPill.framework in Frameworks */,
			);
			runOnlyForDeploymentPostprocessing = 0;
		};
/* End PBXFrameworksBuildPhase section */

/* Begin PBXGroup section */
		6807E8E35638EB0D04256F04 /* Frameworks */ = {
			isa = PBXGroup;
			children = (
				77451D8F3281E78923A10C35 /* Pods_findPill.framework */,
			);
			name = Frameworks;
			sourceTree = "<group>";
		};
		9692B75D6AE01195AA708028 /* Pods */ = {
			isa = PBXGroup;
			children = (
				0EC46C6FD7ACFEDB6CBF4860 /* Pods-findPill.debug.xcconfig */,
				E44FF0CBAA4DF5D299E78681 /* Pods-findPill.release.xcconfig */,
			);
			path = Pods;
			sourceTree = "<group>";
		};
		B22CBC48263F6F3C007F0D39 /* Alert */ = {
			isa = PBXGroup;
			children = (
				B266D0EB263F123D00B2360F /* AlertView.xib */,
				B266D0EE263F247E00B2360F /* AlertView.swift */,
			);
			path = Alert;
			sourceTree = "<group>";
		};
		B24C599526446AFC003C7A79 /* SelectedDrug */ = {
			isa = PBXGroup;
			children = (
				B24C599626446B14003C7A79 /* SelectedDrug.swift */,
			);
			path = SelectedDrug;
			sourceTree = "<group>";
		};
		B266D0CF263EAF5D00B2360F /* Extensions */ = {
			isa = PBXGroup;
			children = (
				B266D0D0263EAF6E00B2360F /* UserDefaultsExtension.swift */,
			);
			path = Extensions;
			sourceTree = "<group>";
		};
		B266D0D8263EB11500B2360F /* LoadingView */ = {
			isa = PBXGroup;
			children = (
				B266D0D9263EB11500B2360F /* LoadingScreen.swift */,
			);
			path = LoadingView;
			sourceTree = "<group>";
		};
		B29D5D89263DB72200441E8F = {
			isa = PBXGroup;
			children = (
				B29D5D94263DB72200441E8F /* findPill */,
				B29D5D93263DB72200441E8F /* Products */,
				9692B75D6AE01195AA708028 /* Pods */,
				6807E8E35638EB0D04256F04 /* Frameworks */,
			);
			sourceTree = "<group>";
		};
		B29D5D93263DB72200441E8F /* Products */ = {
			isa = PBXGroup;
			children = (
				B29D5D92263DB72200441E8F /* findPill.app */,
			);
			name = Products;
			sourceTree = "<group>";
		};
		B29D5D94263DB72200441E8F /* findPill */ = {
			isa = PBXGroup;
			children = (
				B266D0CF263EAF5D00B2360F /* Extensions */,
				B29D5DAA263DB72800441E8F /* Modal */,
				B29D5DAB263DB73000441E8F /* View */,
				B29D5DAC263DB73500441E8F /* Controller */,
				B29D5DAE263DB75800441E8F /* SceneAndAppDelegates */,
				B29D5DA3263DB72300441E8F /* Info.plist */,
			);
			path = findPill;
			sourceTree = "<group>";
		};
		B29D5DAA263DB72800441E8F /* Modal */ = {
			isa = PBXGroup;
			children = (
				B24C599526446AFC003C7A79 /* SelectedDrug */,
				B29D5DB0263DB7BC00441E8F /* TextRecognizerManager */,
				B266D0D4263EAFA000B2360F /* PillModel.swift */,
				B266D0E0263EB2EB00B2360F /* Favorites.swift */,
				B25F92A1264D1B9700CBB6D7 /* ApiManager.swift */,
				B25F92A4264D1D5700CBB6D7 /* DrugData.swift */,
			);
			path = Modal;
			sourceTree = "<group>";
		};
		B29D5DAB263DB73000441E8F /* View */ = {
			isa = PBXGroup;
			children = (
				B266D0D8263EB11500B2360F /* LoadingView */,
				B29D5D9E263DB72300441E8F /* Assets.xcassets */,
				B28AA350264C5B5F00AA6151 /* giphy.gif */,
				B29D5DAD263DB74D00441E8F /* Storyboards */,
				B22CBC48263F6F3C007F0D39 /* Alert */,
			);
			path = View;
			sourceTree = "<group>";
		};
		B29D5DAC263DB73500441E8F /* Controller */ = {
			isa = PBXGroup;
			children = (
				B29D5D99263DB72200441E8F /* HomeViewController.swift */,
				B266D0DD263EB29D00B2360F /* FavoritesViewController.swift */,
				B266D0E7263EB6B500B2360F /* DrugDetailViewController.swift */,
			);
			path = Controller;
			sourceTree = "<group>";
		};
		B29D5DAD263DB74D00441E8F /* Storyboards */ = {
			isa = PBXGroup;
			children = (
				B266D0E4263EB52B00B2360F /* FavoritesTableViewCell.swift */,
				B29D5D9B263DB72200441E8F /* Main.storyboard */,
				B29D5DA0263DB72300441E8F /* LaunchScreen.storyboard */,
			);
			path = Storyboards;
			sourceTree = "<group>";
		};
		B29D5DAE263DB75800441E8F /* SceneAndAppDelegates */ = {
			isa = PBXGroup;
			children = (
				B29D5D95263DB72200441E8F /* AppDelegate.swift */,
				B29D5D97263DB72200441E8F /* SceneDelegate.swift */,
			);
			path = SceneAndAppDelegates;
			sourceTree = "<group>";
		};
		B29D5DB0263DB7BC00441E8F /* TextRecognizerManager */ = {
			isa = PBXGroup;
			children = (
				B29D5DB1263DB7DA00441E8F /* TextRecognizerManager.swift */,
			);
			path = TextRecognizerManager;
			sourceTree = "<group>";
		};
/* End PBXGroup section */

/* Begin PBXNativeTarget section */
		B29D5D91263DB72200441E8F /* findPill */ = {
			isa = PBXNativeTarget;
			buildConfigurationList = B29D5DA6263DB72300441E8F /* Build configuration list for PBXNativeTarget "findPill" */;
			buildPhases = (
				417B88EB04BD093A7D67F340 /* [CP] Check Pods Manifest.lock */,
				B29D5D8E263DB72200441E8F /* Sources */,
				B29D5D8F263DB72200441E8F /* Frameworks */,
				B29D5D90263DB72200441E8F /* Resources */,
				0154ECF7E6B3D6057345F478 /* [CP] Embed Pods Frameworks */,
			);
			buildRules = (
			);
			dependencies = (
			);
			name = findPill;
			productName = findPill;
			productReference = B29D5D92263DB72200441E8F /* findPill.app */;
			productType = "com.apple.product-type.application";
		};
/* End PBXNativeTarget section */

/* Begin PBXProject section */
		B29D5D8A263DB72200441E8F /* Project object */ = {
			isa = PBXProject;
			attributes = {
				LastSwiftUpdateCheck = 1240;
				LastUpgradeCheck = 1240;
				TargetAttributes = {
					B29D5D91263DB72200441E8F = {
						CreatedOnToolsVersion = 12.4;
					};
				};
			};
			buildConfigurationList = B29D5D8D263DB72200441E8F /* Build configuration list for PBXProject "findPill" */;
			compatibilityVersion = "Xcode 9.3";
			developmentRegion = en;
			hasScannedForEncodings = 0;
			knownRegions = (
				en,
				Base,
			);
			mainGroup = B29D5D89263DB72200441E8F;
			productRefGroup = B29D5D93263DB72200441E8F /* Products */;
			projectDirPath = "";
			projectRoot = "";
			targets = (
				B29D5D91263DB72200441E8F /* findPill */,
			);
		};
/* End PBXProject section */

/* Begin PBXResourcesBuildPhase section */
		B29D5D90263DB72200441E8F /* Resources */ = {
			isa = PBXResourcesBuildPhase;
			buildActionMask = 2147483647;
			files = (
				B29D5DA2263DB72300441E8F /* LaunchScreen.storyboard in Resources */,
				B266D0EC263F123D00B2360F /* AlertView.xib in Resources */,
				B29D5D9F263DB72300441E8F /* Assets.xcassets in Resources */,
				B28AA351264C5B5F00AA6151 /* giphy.gif in Resources */,
				B29D5D9D263DB72200441E8F /* Main.storyboard in Resources */,
			);
			runOnlyForDeploymentPostprocessing = 0;
		};
/* End PBXResourcesBuildPhase section */

/* Begin PBXShellScriptBuildPhase section */
		0154ECF7E6B3D6057345F478 /* [CP] Embed Pods Frameworks */ = {
			isa = PBXShellScriptBuildPhase;
			buildActionMask = 2147483647;
			files = (
			);
			inputFileListPaths = (
				"${PODS_ROOT}/Target Support Files/Pods-findPill/Pods-findPill-frameworks-${CONFIGURATION}-input-files.xcfilelist",
			);
			name = "[CP] Embed Pods Frameworks";
			outputFileListPaths = (
				"${PODS_ROOT}/Target Support Files/Pods-findPill/Pods-findPill-frameworks-${CONFIGURATION}-output-files.xcfilelist",
			);
			runOnlyForDeploymentPostprocessing = 0;
			shellPath = /bin/sh;
			shellScript = "\"${PODS_ROOT}/Target Support Files/Pods-findPill/Pods-findPill-frameworks.sh\"\n";
			showEnvVarsInLog = 0;
		};
		417B88EB04BD093A7D67F340 /* [CP] Check Pods Manifest.lock */ = {
			isa = PBXShellScriptBuildPhase;
			buildActionMask = 2147483647;
			files = (
			);
			inputFileListPaths = (
			);
			inputPaths = (
				"${PODS_PODFILE_DIR_PATH}/Podfile.lock",
				"${PODS_ROOT}/Manifest.lock",
			);
			name = "[CP] Check Pods Manifest.lock";
			outputFileListPaths = (
			);
			outputPaths = (
				"$(DERIVED_FILE_DIR)/Pods-findPill-checkManifestLockResult.txt",
			);
			runOnlyForDeploymentPostprocessing = 0;
			shellPath = /bin/sh;
			shellScript = "diff \"${PODS_PODFILE_DIR_PATH}/Podfile.lock\" \"${PODS_ROOT}/Manifest.lock\" > /dev/null\nif [ $? != 0 ] ; then\n    # print error to STDERR\n    echo \"error: The sandbox is not in sync with the Podfile.lock. Run 'pod install' or update your CocoaPods installation.\" >&2\n    exit 1\nfi\n# This output is used by Xcode 'outputs' to avoid re-running this script phase.\necho \"SUCCESS\" > \"${SCRIPT_OUTPUT_FILE_0}\"\n";
			showEnvVarsInLog = 0;
		};
/* End PBXShellScriptBuildPhase section */

/* Begin PBXSourcesBuildPhase section */
		B29D5D8E263DB72200441E8F /* Sources */ = {
			isa = PBXSourcesBuildPhase;
			buildActionMask = 2147483647;
			files = (
				B266D0EF263F247E00B2360F /* AlertView.swift in Sources */,
				B266D0E1263EB2EB00B2360F /* Favorites.swift in Sources */,
				B29D5D9A263DB72200441E8F /* HomeViewController.swift in Sources */,
				B29D5D96263DB72200441E8F /* AppDelegate.swift in Sources */,
				B266D0E8263EB6B500B2360F /* DrugDetailViewController.swift in Sources */,
				B266D0DE263EB29D00B2360F /* FavoritesViewController.swift in Sources */,
				B25F92A5264D1D5700CBB6D7 /* DrugData.swift in Sources */,
				B24C599726446B14003C7A79 /* SelectedDrug.swift in Sources */,
				B29D5DB2263DB7DA00441E8F /* TextRecognizerManager.swift in Sources */,
				B266D0E5263EB52B00B2360F /* FavoritesTableViewCell.swift in Sources */,
				B266D0DA263EB11500B2360F /* LoadingScreen.swift in Sources */,
				B25F92A2264D1B9700CBB6D7 /* ApiManager.swift in Sources */,
				B266D0D1263EAF6E00B2360F /* UserDefaultsExtension.swift in Sources */,
				B266D0D5263EAFA000B2360F /* PillModel.swift in Sources */,
				B29D5D98263DB72200441E8F /* SceneDelegate.swift in Sources */,
			);
			runOnlyForDeploymentPostprocessing = 0;
		};
/* End PBXSourcesBuildPhase section */

/* Begin PBXVariantGroup section */
		B29D5D9B263DB72200441E8F /* Main.storyboard */ = {
			isa = PBXVariantGroup;
			children = (
				B29D5D9C263DB72200441E8F /* Base */,
			);
			name = Main.storyboard;
			sourceTree = "<group>";
		};
		B29D5DA0263DB72300441E8F /* LaunchScreen.storyboard */ = {
			isa = PBXVariantGroup;
			children = (
				B29D5DA1263DB72300441E8F /* Base */,
			);
			name = LaunchScreen.storyboard;
			sourceTree = "<group>";
		};
/* End PBXVariantGroup section */

/* Begin XCBuildConfiguration section */
		B29D5DA4263DB72300441E8F /* Debug */ = {
			isa = XCBuildConfiguration;
			buildSettings = {
				ALWAYS_SEARCH_USER_PATHS = NO;
				CLANG_ANALYZER_NONNULL = YES;
				CLANG_ANALYZER_NUMBER_OBJECT_CONVERSION = YES_AGGRESSIVE;
				CLANG_CXX_LANGUAGE_STANDARD = "gnu++14";
				CLANG_CXX_LIBRARY = "libc++";
				CLANG_ENABLE_MODULES = YES;
				CLANG_ENABLE_OBJC_ARC = YES;
				CLANG_ENABLE_OBJC_WEAK = YES;
				CLANG_WARN_BLOCK_CAPTURE_AUTORELEASING = YES;
				CLANG_WARN_BOOL_CONVERSION = YES;
				CLANG_WARN_COMMA = YES;
				CLANG_WARN_CONSTANT_CONVERSION = YES;
				CLANG_WARN_DEPRECATED_OBJC_IMPLEMENTATIONS = YES;
				CLANG_WARN_DIRECT_OBJC_ISA_USAGE = YES_ERROR;
				CLANG_WARN_DOCUMENTATION_COMMENTS = YES;
				CLANG_WARN_EMPTY_BODY = YES;
				CLANG_WARN_ENUM_CONVERSION = YES;
				CLANG_WARN_INFINITE_RECURSION = YES;
				CLANG_WARN_INT_CONVERSION = YES;
				CLANG_WARN_NON_LITERAL_NULL_CONVERSION = YES;
				CLANG_WARN_OBJC_IMPLICIT_RETAIN_SELF = YES;
				CLANG_WARN_OBJC_LITERAL_CONVERSION = YES;
				CLANG_WARN_OBJC_ROOT_CLASS = YES_ERROR;
				CLANG_WARN_QUOTED_INCLUDE_IN_FRAMEWORK_HEADER = YES;
				CLANG_WARN_RANGE_LOOP_ANALYSIS = YES;
				CLANG_WARN_STRICT_PROTOTYPES = YES;
				CLANG_WARN_SUSPICIOUS_MOVE = YES;
				CLANG_WARN_UNGUARDED_AVAILABILITY = YES_AGGRESSIVE;
				CLANG_WARN_UNREACHABLE_CODE = YES;
				CLANG_WARN__DUPLICATE_METHOD_MATCH = YES;
				COPY_PHASE_STRIP = NO;
				DEBUG_INFORMATION_FORMAT = dwarf;
				ENABLE_STRICT_OBJC_MSGSEND = YES;
				ENABLE_TESTABILITY = YES;
				GCC_C_LANGUAGE_STANDARD = gnu11;
				GCC_DYNAMIC_NO_PIC = NO;
				GCC_NO_COMMON_BLOCKS = YES;
				GCC_OPTIMIZATION_LEVEL = 0;
				GCC_PREPROCESSOR_DEFINITIONS = (
					"DEBUG=1",
					"$(inherited)",
				);
				GCC_WARN_64_TO_32_BIT_CONVERSION = YES;
				GCC_WARN_ABOUT_RETURN_TYPE = YES_ERROR;
				GCC_WARN_UNDECLARED_SELECTOR = YES;
				GCC_WARN_UNINITIALIZED_AUTOS = YES_AGGRESSIVE;
				GCC_WARN_UNUSED_FUNCTION = YES;
				GCC_WARN_UNUSED_VARIABLE = YES;
				IPHONEOS_DEPLOYMENT_TARGET = 14.4;
				MTL_ENABLE_DEBUG_INFO = INCLUDE_SOURCE;
				MTL_FAST_MATH = YES;
				ONLY_ACTIVE_ARCH = YES;
				SDKROOT = iphoneos;
				SWIFT_ACTIVE_COMPILATION_CONDITIONS = DEBUG;
				SWIFT_OPTIMIZATION_LEVEL = "-Onone";
			};
			name = Debug;
		};
		B29D5DA5263DB72300441E8F /* Release */ = {
			isa = XCBuildConfiguration;
			buildSettings = {
				ALWAYS_SEARCH_USER_PATHS = NO;
				CLANG_ANALYZER_NONNULL = YES;
				CLANG_ANALYZER_NUMBER_OBJECT_CONVERSION = YES_AGGRESSIVE;
				CLANG_CXX_LANGUAGE_STANDARD = "gnu++14";
				CLANG_CXX_LIBRARY = "libc++";
				CLANG_ENABLE_MODULES = YES;
				CLANG_ENABLE_OBJC_ARC = YES;
				CLANG_ENABLE_OBJC_WEAK = YES;
				CLANG_WARN_BLOCK_CAPTURE_AUTORELEASING = YES;
				CLANG_WARN_BOOL_CONVERSION = YES;
				CLANG_WARN_COMMA = YES;
				CLANG_WARN_CONSTANT_CONVERSION = YES;
				CLANG_WARN_DEPRECATED_OBJC_IMPLEMENTATIONS = YES;
				CLANG_WARN_DIRECT_OBJC_ISA_USAGE = YES_ERROR;
				CLANG_WARN_DOCUMENTATION_COMMENTS = YES;
				CLANG_WARN_EMPTY_BODY = YES;
				CLANG_WARN_ENUM_CONVERSION = YES;
				CLANG_WARN_INFINITE_RECURSION = YES;
				CLANG_WARN_INT_CONVERSION = YES;
				CLANG_WARN_NON_LITERAL_NULL_CONVERSION = YES;
				CLANG_WARN_OBJC_IMPLICIT_RETAIN_SELF = YES;
				CLANG_WARN_OBJC_LITERAL_CONVERSION = YES;
				CLANG_WARN_OBJC_ROOT_CLASS = YES_ERROR;
				CLANG_WARN_QUOTED_INCLUDE_IN_FRAMEWORK_HEADER = YES;
				CLANG_WARN_RANGE_LOOP_ANALYSIS = YES;
				CLANG_WARN_STRICT_PROTOTYPES = YES;
				CLANG_WARN_SUSPICIOUS_MOVE = YES;
				CLANG_WARN_UNGUARDED_AVAILABILITY = YES_AGGRESSIVE;
				CLANG_WARN_UNREACHABLE_CODE = YES;
				CLANG_WARN__DUPLICATE_METHOD_MATCH = YES;
				COPY_PHASE_STRIP = NO;
				DEBUG_INFORMATION_FORMAT = "dwarf-with-dsym";
				ENABLE_NS_ASSERTIONS = NO;
				ENABLE_STRICT_OBJC_MSGSEND = YES;
				GCC_C_LANGUAGE_STANDARD = gnu11;
				GCC_NO_COMMON_BLOCKS = YES;
				GCC_WARN_64_TO_32_BIT_CONVERSION = YES;
				GCC_WARN_ABOUT_RETURN_TYPE = YES_ERROR;
				GCC_WARN_UNDECLARED_SELECTOR = YES;
				GCC_WARN_UNINITIALIZED_AUTOS = YES_AGGRESSIVE;
				GCC_WARN_UNUSED_FUNCTION = YES;
				GCC_WARN_UNUSED_VARIABLE = YES;
				IPHONEOS_DEPLOYMENT_TARGET = 14.4;
				MTL_ENABLE_DEBUG_INFO = NO;
				MTL_FAST_MATH = YES;
				SDKROOT = iphoneos;
				SWIFT_COMPILATION_MODE = wholemodule;
				SWIFT_OPTIMIZATION_LEVEL = "-O";
				VALIDATE_PRODUCT = YES;
			};
			name = Release;
		};
		B29D5DA7263DB72300441E8F /* Debug */ = {
			isa = XCBuildConfiguration;
			baseConfigurationReference = 0EC46C6FD7ACFEDB6CBF4860 /* Pods-findPill.debug.xcconfig */;
			buildSettings = {
				ASSETCATALOG_COMPILER_APPICON_NAME = AppIcon;
				ASSETCATALOG_COMPILER_GLOBAL_ACCENT_COLOR_NAME = AccentColor;
				CODE_SIGN_STYLE = Automatic;
				DEVELOPMENT_TEAM = ZDG25F63H5;
				INFOPLIST_FILE = findPill/Info.plist;
				LD_RUNPATH_SEARCH_PATHS = (
					"$(inherited)",
					"@executable_path/Frameworks",
				);
				PRODUCT_BUNDLE_IDENTIFIER = com.cemsezeroglu.findPill;
				PRODUCT_NAME = "$(TARGET_NAME)";
				SWIFT_VERSION = 5.0;
				TARGETED_DEVICE_FAMILY = "1,2";
			};
			name = Debug;
		};
		B29D5DA8263DB72300441E8F /* Release */ = {
			isa = XCBuildConfiguration;
			baseConfigurationReference = E44FF0CBAA4DF5D299E78681 /* Pods-findPill.release.xcconfig */;
			buildSettings = {
				ASSETCATALOG_COMPILER_APPICON_NAME = AppIcon;
				ASSETCATALOG_COMPILER_GLOBAL_ACCENT_COLOR_NAME = AccentColor;
				CODE_SIGN_STYLE = Automatic;
				DEVELOPMENT_TEAM = ZDG25F63H5;
				INFOPLIST_FILE = findPill/Info.plist;
				LD_RUNPATH_SEARCH_PATHS = (
					"$(inherited)",
					"@executable_path/Frameworks",
				);
				PRODUCT_BUNDLE_IDENTIFIER = com.cemsezeroglu.findPill;
				PRODUCT_NAME = "$(TARGET_NAME)";
				SWIFT_VERSION = 5.0;
				TARGETED_DEVICE_FAMILY = "1,2";
			};
			name = Release;
		};
/* End XCBuildConfiguration section */

/* Begin XCConfigurationList section */
		B29D5D8D263DB72200441E8F /* Build configuration list for PBXProject "findPill" */ = {
			isa = XCConfigurationList;
			buildConfigurations = (
				B29D5DA4263DB72300441E8F /* Debug */,
				B29D5DA5263DB72300441E8F /* Release */,
			);
			defaultConfigurationIsVisible = 0;
			defaultConfigurationName = Release;
		};
		B29D5DA6263DB72300441E8F /* Build configuration list for PBXNativeTarget "findPill" */ = {
			isa = XCConfigurationList;
			buildConfigurations = (
				B29D5DA7263DB72300441E8F /* Debug */,
				B29D5DA8263DB72300441E8F /* Release */,
			);
			defaultConfigurationIsVisible = 0;
			defaultConfigurationName = Release;
		};
/* End XCConfigurationList section */
	};
	rootObject = B29D5D8A263DB72200441E8F /* Project object */;
}
